
Microsoft Visual Studio Solution File, Format Version 12.00
# Visual Studio Version 17
VisualStudioVersion = 17.6.33723.286
MinimumVisualStudioVersion = 10.0.40219.1
Project("{9A19103F-16F7-4668-BE54-9A1E7A4F7556}") = "faktoriyel", "faktoriyel\faktoriyel.csproj", "{9B98171A-6DF1-4C42-8791-AE999AD58285}"
EndProject
Project("{9A19103F-16F7-4668-BE54-9A1E7A4F7556}") = "Hand_shake", "En_buyuk\Hand_shake.csproj", "{54D6C440-B9DC-4A4D-A386-DDE029981879}"
EndProject
Global
	GlobalSection(SolutionConfigurationPlatforms) = preSolution
		Debug|Any CPU = Debug|Any CPU
		Release|Any CPU = Release|Any CPU
	EndGlobalSection
	GlobalSection(ProjectConfigurationPlatforms) = postSolution
		{9B98171A-6DF1-4C42-8791-AE999AD58285}.Debug|Any CPU.ActiveCfg = Debug|Any CPU
		{9B98171A-6DF1-4C42-8791-AE999AD58285}.Debug|Any CPU.Build.0 = Debug|Any CPU
		{9B98171A-6DF1-4C42-8791-AE999AD58285}.Release|Any CPU.ActiveCfg = Release|Any CPU
		{9B98171A-6DF1-4C42-8791-AE999AD58285}.Release|Any CPU.Build.0 = Release|Any CPU
		{54D6C440-B9DC-4A4D-A386-DDE029981879}.Debug|Any CPU.ActiveCfg = Debug|Any CPU
		{54D6C440-B9DC-4A4D-A386-DDE029981879}.Debug|Any CPU.Build.0 = Debug|Any CPU
		{54D6C440-B9DC-4A4D-A386-DDE029981879}.Release|Any CPU.ActiveCfg = Release|Any CPU
		{54D6C440-B9DC-4A4D-A386-DDE029981879}.Release|Any CPU.Build.0 = Release|Any CPU
	EndGlobalSection
	GlobalSection(SolutionProperties) = preSolution
		HideSolutionNode = FALSE
	EndGlobalSection
	GlobalSection(ExtensibilityGlobals) = postSolution
		SolutionGuid = {516877FD-1362-43C3-B079-A5DC46D220F4}
	EndGlobalSection
EndGlobal
